<?xml version="1.0" encoding="utf-8"?>
<Project ToolsVersion="4.0" xmlns="http://schemas.microsoft.com/developer/msbuild/2003">
  <ItemGroup>
    <Filter Include="Source Files">
      <UniqueIdentifier>{4FC737F1-C7A5-4376-A066-2A32D752A2FF}</UniqueIdentifier>
      <Extensions>cpp;c;cc;cxx;c++;def;odl;idl;hpj;bat;asm;asmx</Extensions>
    </Filter>
    <Filter Include="Header Files">
      <UniqueIdentifier>{93995380-89BD-4b04-88EB-625FBE52EBFB}</UniqueIdentifier>
      <Extensions>h;hh;hpp;hxx;h++;hm;inl;inc;ipp;xsd</Extensions>
    </Filter>
    <Filter Include="Resource Files">
      <UniqueIdentifier>{67DA6AB6-F800-4c08-8B7A-83BB121AAD01}</UniqueIdentifier>
      <Extensions>rc;ico;cur;bmp;dlg;rc2;rct;bin;rgs;gif;jpg;jpeg;jpe;resx;tiff;tif;png;wav;mfcribbon-ms</Extensions>
    </Filter>
  </ItemGroup>
  <ItemGroup>
    <ClCompile Include="src\Application.cpp">
      <Filter>Source Files</Filter>
    </ClCompile>
    <ClCompile Include="src\Camera.cpp">
      <Filter>Source Files</Filter>
    </ClCompile>
    <ClCompile Include="src\IndexBuffer.cpp">
      <Filter>Source Files</Filter>
    </ClCompile>
    <ClCompile Include="src\Mesh.cpp">
      <Filter>Source Files</Filter>
    </ClCompile>
    <ClCompile Include="src\Renderer.cpp">
      <Filter>Source Files</Filter>
    </ClCompile>
    <ClCompile Include="src\Shader.cpp">
      <Filter>Source Files</Filter>
    </ClCompile>
    <ClCompile Include="src\Texture2D.cpp">
      <Filter>Source Files</Filter>
    </ClCompile>
    <ClCompile Include="src\VertexBuffer.cpp">
      <Filter>Source Files</Filter>
    </ClCompile>
    <ClCompile Include="src\Model.cpp">
      <Filter>Source Files</Filter>
    </ClCompile>
  </ItemGroup>
  <ItemGroup>
    <ClInclude Include="src\Camera.h">
      <Filter>Header Files</Filter>
    </ClInclude>
    <ClInclude Include="src\IndexBuffer.h">
      <Filter>Header Files</Filter>
    </ClInclude>
    <ClInclude Include="src\Mesh.h">
      <Filter>Header Files</Filter>
    </ClInclude>
    <ClInclude Include="src\Renderer.h">
      <Filter>Header Files</Filter>
    </ClInclude>
    <ClInclude Include="src\Shader.h">
      <Filter>Header Files</Filter>
    </ClInclude>
    <ClInclude Include="src\Texture2D.h">
      <Filter>Header Files</Filter>
    </ClInclude>
    <ClInclude Include="src\VertexBuffer.h">
      <Filter>Header Files</Filter>
    </ClInclude>
    <ClInclude Include="src\Model.h">
      <Filter>Header Files</Filter>
    </ClInclude>
  </ItemGroup>
  <ItemGroup>
    <Image Include="res\images\container2.png">
      <Filter>Resource Files</Filter>
    </Image>
    <Image Include="res\images\container2_specular.png">
      <Filter>Resource Files</Filter>
    </Image>
    <Image Include="res\images\lighting_maps_specular_color.png">
      <Filter>Resource Files</Filter>
    </Image>
    <Image Include="res\images\matrix.jpg">
      <Filter>Resource Files</Filter>
    </Image>
    <Image Include="res\images\sample.png">
      <Filter>Resource Files</Filter>
    </Image>
    <Image Include="res\images\sample2.png">
      <Filter>Resource Files</Filter>
    </Image>
    <Image Include="res\images\marble.jpg">
      <Filter>Resource Files</Filter>
    </Image>
    <Image Include="res\images\silver_metal.jpg">
      <Filter>Resource Files</Filter>
    </Image>
    <Image Include="res\images\grass.png">
      <Filter>Resource Files</Filter>
    </Image>
    <Image Include="res\images\blending_transparent_window.png">
      <Filter>Resource Files</Filter>
    </Image>
    <Image Include="res\images\skybox\back.jpg">
      <Filter>Resource Files</Filter>
    </Image>
    <Image Include="res\images\skybox\bottom.jpg">
      <Filter>Resource Files</Filter>
    </Image>
    <Image Include="res\images\skybox\front.jpg">
      <Filter>Resource Files</Filter>
    </Image>
    <Image Include="res\images\skybox\left.jpg">
      <Filter>Resource Files</Filter>
    </Image>
    <Image Include="res\images\skybox\right.jpg">
      <Filter>Resource Files</Filter>
    </Image>
    <Image Include="res\images\skybox\top.jpg">
      <Filter>Resource Files</Filter>
    </Image>
  </ItemGroup>
  <ItemGroup>
    <None Include="res\shaders\color.frag" />
    <None Include="res\shaders\color.vert" />
    <None Include="res\shaders\cube.frag" />
    <None Include="res\shaders\cube.vert" />
    <None Include="res\shaders\Gouraud.frag" />
    <None Include="res\shaders\Gouraud.vert" />
    <None Include="res\shaders\shader.frag" />
    <None Include="res\shaders\shader.vert" />
    <None Include="res\shaders\lamp.frag" />
    <None Include="res\shaders\lamp.vert" />
    <None Include="res\shaders\deptTest.vert" />
    <None Include="res\shaders\deptTest.frag" />
    <None Include="res\shaders\singleColor.frag" />
    <None Include="res\shaders\blending.vert" />
    <None Include="res\shaders\blending.frag" />
    <None Include="res\shaders\frambuffer.vert" />
    <None Include="res\shaders\frambuffer.frag" />
    <None Include="res\shaders\frambuffer_screen.vert" />
    <None Include="res\shaders\frambuffer_screen.frag" />
    <None Include="res\shaders\cubemap.vert" />
    <None Include="res\shaders\cubemap.frag" />
    <None Include="res\shaders\reflectObject.vert" />
    <None Include="res\shaders\reflectObject.frag" />
    <None Include="res\shaders\refractObject.vert" />
    <None Include="res\shaders\refractObject.frag" />
    <None Include="res\shaders\current\points.frag" />
    <None Include="res\shaders\current\points.vert" />
    <None Include="res\shaders\current\points.geom" />
    <None Include="res\shaders\model.frag" />
    <None Include="res\shaders\model.vert" />
  </ItemGroup>
  <ItemGroup>
    <Text Include="res\oldCodes\BasicLighting.txt" />
    <Text Include="res\oldCodes\code_tranform.txt" />
    <Text Include="res\oldCodes\GettingStarted.txt" />
  </ItemGroup>
</Project>